Microsoft Visual Studio Solution File, Format Version 12.00
# Visual Studio 14
VisualStudioVersion = 14.0.23107.0
MinimumVisualStudioVersion = 10.0.40219.1
Project("{FAE04EC0-301F-11D3-BF4B-00C04F79EFBC}") = "BLL", "BLL\BLL.csproj", "{38D7AA58-C95B-449B-86C6-A8073A56E11F}"
EndProject
Project("{FAE04EC0-301F-11D3-BF4B-00C04F79EFBC}") = "Model", "Model\Model.csproj", "{53995DBB-9836-4647-AD22-865884FDEB9E}"
EndProject
Project("{FAE04EC0-301F-11D3-BF4B-00C04F79EFBC}") = "DAL", "DAL\DAL.csproj", "{9FE00521-3A8B-42B1-814E-585E99407B2E}"
EndProject
Project("{FAE04EC0-301F-11D3-BF4B-00C04F79EFBC}") = "DBUtility", "DBUtility\DBUtility.csproj", "{0988C62E-247F-471F-A183-DB509C7A3839}"
EndProject
Project("{FAE04EC0-301F-11D3-BF4B-00C04F79EFBC}") = "Common", "Common\Common.csproj", "{E3D8759A-C5EB-402D-9F10-F5C6029A8D1A}"
EndProject
Project("{FAE04EC0-301F-11D3-BF4B-00C04F79EFBC}") = "FormKiwiCrawler", "FormKiwiCrawler\FormKiwiCrawler.csproj", "{7F390848-06E9-4320-A4F7-F90B9CCE14AA}"
EndProject
Project("{FAE04EC0-301F-11D3-BF4B-00C04F79EFBC}") = "KiwiCrawler.Core", "Crawler.Core\KiwiCrawler.Core.csproj", "{BFFA449A-FA5F-452F-984E-E2D426A1D3CF}"
EndProject
Project("{2150E333-8FDC-42A3-9474-1A3956D46DE8}") = "Kiwi.Crawler.A", "Kiwi.Crawler.A", "{7E216353-23BF-4553-94BF-F710F9472A89}"
EndProject
Project("{2150E333-8FDC-42A3-9474-1A3956D46DE8}") = "Kiwi.Crawler.B", "Kiwi.Crawler.B", "{772F5DF5-D12C-4B71-83FF-C6DF73C28F78}"
EndProject
Project("{FAE04EC0-301F-11D3-BF4B-00C04F79EFBC}") = "KiwiCrawler.Core.B", "KiwiCrawler.Core.B\KiwiCrawler.Core.B.csproj", "{216770A7-C4AF-4E99-9C40-4CC9F623AC72}"
EndProject
Project("{FAE04EC0-301F-11D3-BF4B-00C04F79EFBC}") = "FormKiwiCrawler.B", "FormKiwiCrawler.B\FormKiwiCrawler.B.csproj", "{96BBF57B-02FA-4AF7-94F0-418E3E0E5E6C}"
EndProject
Global
	GlobalSection(SolutionConfigurationPlatforms) = preSolution
		Debug|.NET = Debug|.NET
		Debug|Any CPU = Debug|Any CPU
		Debug|Mixed Platforms = Debug|Mixed Platforms
		Release|.NET = Release|.NET
		Release|Any CPU = Release|Any CPU
		Release|Mixed Platforms = Release|Mixed Platforms
	EndGlobalSection
	GlobalSection(ProjectConfigurationPlatforms) = postSolution
		{38D7AA58-C95B-449B-86C6-A8073A56E11F}.Debug|.NET.ActiveCfg = Debug|Any CPU
		{38D7AA58-C95B-449B-86C6-A8073A56E11F}.Debug|Any CPU.ActiveCfg = Debug|Any CPU
		{38D7AA58-C95B-449B-86C6-A8073A56E11F}.Debug|Any CPU.Build.0 = Debug|Any CPU
		{38D7AA58-C95B-449B-86C6-A8073A56E11F}.Debug|Mixed Platforms.ActiveCfg = Debug|Any CPU
		{38D7AA58-C95B-449B-86C6-A8073A56E11F}.Debug|Mixed Platforms.Build.0 = Debug|Any CPU
		{38D7AA58-C95B-449B-86C6-A8073A56E11F}.Release|.NET.ActiveCfg = Release|Any CPU
		{38D7AA58-C95B-449B-86C6-A8073A56E11F}.Release|Any CPU.ActiveCfg = Release|Any CPU
		{38D7AA58-C95B-449B-86C6-A8073A56E11F}.Release|Any CPU.Build.0 = Release|Any CPU
		{38D7AA58-C95B-449B-86C6-A8073A56E11F}.Release|Mixed Platforms.ActiveCfg = Release|Any CPU
		{38D7AA58-C95B-449B-86C6-A8073A56E11F}.Release|Mixed Platforms.Build.0 = Release|Any CPU
		{53995DBB-9836-4647-AD22-865884FDEB9E}.Debug|.NET.ActiveCfg = Debug|Any CPU
		{53995DBB-9836-4647-AD22-865884FDEB9E}.Debug|Any CPU.ActiveCfg = Debug|Any CPU
		{53995DBB-9836-4647-AD22-865884FDEB9E}.Debug|Any CPU.Build.0 = Debug|Any CPU
		{53995DBB-9836-4647-AD22-865884FDEB9E}.Debug|Mixed Platforms.ActiveCfg = Debug|Any CPU
		{53995DBB-9836-4647-AD22-865884FDEB9E}.Debug|Mixed Platforms.Build.0 = Debug|Any CPU
		{53995DBB-9836-4647-AD22-865884FDEB9E}.Release|.NET.ActiveCfg = Release|Any CPU
		{53995DBB-9836-4647-AD22-865884FDEB9E}.Release|Any CPU.ActiveCfg = Release|Any CPU
		{53995DBB-9836-4647-AD22-865884FDEB9E}.Release|Any CPU.Build.0 = Release|Any CPU
		{53995DBB-9836-4647-AD22-865884FDEB9E}.Release|Mixed Platforms.ActiveCfg = Release|Any CPU
		{53995DBB-9836-4647-AD22-865884FDEB9E}.Release|Mixed Platforms.Build.0 = Release|Any CPU
		{9FE00521-3A8B-42B1-814E-585E99407B2E}.Debug|.NET.ActiveCfg = Debug|Any CPU
		{9FE00521-3A8B-42B1-814E-585E99407B2E}.Debug|Any CPU.ActiveCfg = Debug|Any CPU
		{9FE00521-3A8B-42B1-814E-585E99407B2E}.Debug|Any CPU.Build.0 = Debug|Any CPU
		{9FE00521-3A8B-42B1-814E-585E99407B2E}.Debug|Mixed Platforms.ActiveCfg = Debug|Any CPU
		{9FE00521-3A8B-42B1-814E-585E99407B2E}.Debug|Mixed Platforms.Build.0 = Debug|Any CPU
		{9FE00521-3A8B-42B1-814E-585E99407B2E}.Release|.NET.ActiveCfg = Release|Any CPU
		{9FE00521-3A8B-42B1-814E-585E99407B2E}.Release|Any CPU.ActiveCfg = Release|Any CPU
		{9FE00521-3A8B-42B1-814E-585E99407B2E}.Release|Any CPU.Build.0 = Release|Any CPU
		{9FE00521-3A8B-42B1-814E-585E99407B2E}.Release|Mixed Platforms.ActiveCfg = Release|Any CPU
		{9FE00521-3A8B-42B1-814E-585E99407B2E}.Release|Mixed Platforms.Build.0 = Release|Any CPU
		{0988C62E-247F-471F-A183-DB509C7A3839}.Debug|.NET.ActiveCfg = Debug|Any CPU
		{0988C62E-247F-471F-A183-DB509C7A3839}.Debug|Any CPU.ActiveCfg = Debug|Any CPU
		{0988C62E-247F-471F-A183-DB509C7A3839}.Debug|Any CPU.Build.0 = Debug|Any CPU
		{0988C62E-247F-471F-A183-DB509C7A3839}.Debug|Mixed Platforms.ActiveCfg = Debug|Any CPU
		{0988C62E-247F-471F-A183-DB509C7A3839}.Debug|Mixed Platforms.Build.0 = Debug|Any CPU
		{0988C62E-247F-471F-A183-DB509C7A3839}.Release|.NET.ActiveCfg = Release|Any CPU
		{0988C62E-247F-471F-A183-DB509C7A3839}.Release|Any CPU.ActiveCfg = Release|Any CPU
		{0988C62E-247F-471F-A183-DB509C7A3839}.Release|Any CPU.Build.0 = Release|Any CPU
		{0988C62E-247F-471F-A183-DB509C7A3839}.Release|Mixed Platforms.ActiveCfg = Release|Any CPU
		{0988C62E-247F-471F-A183-DB509C7A3839}.Release|Mixed Platforms.Build.0 = Release|Any CPU
		{E3D8759A-C5EB-402D-9F10-F5C6029A8D1A}.Debug|.NET.ActiveCfg = Debug|Any CPU
		{E3D8759A-C5EB-402D-9F10-F5C6029A8D1A}.Debug|Any CPU.ActiveCfg = Debug|Any CPU
		{E3D8759A-C5EB-402D-9F10-F5C6029A8D1A}.Debug|Any CPU.Build.0 = Debug|Any CPU
		{E3D8759A-C5EB-402D-9F10-F5C6029A8D1A}.Debug|Mixed Platforms.ActiveCfg = Debug|Any CPU
		{E3D8759A-C5EB-402D-9F10-F5C6029A8D1A}.Debug|Mixed Platforms.Build.0 = Debug|Any CPU
		{E3D8759A-C5EB-402D-9F10-F5C6029A8D1A}.Release|.NET.ActiveCfg = Release|Any CPU
		{E3D8759A-C5EB-402D-9F10-F5C6029A8D1A}.Release|Any CPU.ActiveCfg = Release|Any CPU
		{E3D8759A-C5EB-402D-9F10-F5C6029A8D1A}.Release|Any CPU.Build.0 = Release|Any CPU
		{E3D8759A-C5EB-402D-9F10-F5C6029A8D1A}.Release|Mixed Platforms.ActiveCfg = Release|Any CPU
		{E3D8759A-C5EB-402D-9F10-F5C6029A8D1A}.Release|Mixed Platforms.Build.0 = Release|Any CPU
		{7F390848-06E9-4320-A4F7-F90B9CCE14AA}.Debug|.NET.ActiveCfg = Debug|Any CPU
		{7F390848-06E9-4320-A4F7-F90B9CCE14AA}.Debug|Any CPU.ActiveCfg = Debug|Any CPU
		{7F390848-06E9-4320-A4F7-F90B9CCE14AA}.Debug|Any CPU.Build.0 = Debug|Any CPU
		{7F390848-06E9-4320-A4F7-F90B9CCE14AA}.Debug|Mixed Platforms.ActiveCfg = Debug|Any CPU
		{7F390848-06E9-4320-A4F7-F90B9CCE14AA}.Debug|Mixed Platforms.Build.0 = Debug|Any CPU
		{7F390848-06E9-4320-A4F7-F90B9CCE14AA}.Release|.NET.ActiveCfg = Release|Any CPU
		{7F390848-06E9-4320-A4F7-F90B9CCE14AA}.Release|Any CPU.ActiveCfg = Release|Any CPU
		{7F390848-06E9-4320-A4F7-F90B9CCE14AA}.Release|Any CPU.Build.0 = Release|Any CPU
		{7F390848-06E9-4320-A4F7-F90B9CCE14AA}.Release|Mixed Platforms.ActiveCfg = Release|Any CPU
		{7F390848-06E9-4320-A4F7-F90B9CCE14AA}.Release|Mixed Platforms.Build.0 = Release|Any CPU
		{BFFA449A-FA5F-452F-984E-E2D426A1D3CF}.Debug|.NET.ActiveCfg = Debug|Any CPU
		{BFFA449A-FA5F-452F-984E-E2D426A1D3CF}.Debug|Any CPU.ActiveCfg = Debug|Any CPU
		{BFFA449A-FA5F-452F-984E-E2D426A1D3CF}.Debug|Any CPU.Build.0 = Debug|Any CPU
		{BFFA449A-FA5F-452F-984E-E2D426A1D3CF}.Debug|Mixed Platforms.ActiveCfg = Debug|Any CPU
		{BFFA449A-FA5F-452F-984E-E2D426A1D3CF}.Debug|Mixed Platforms.Build.0 = Debug|Any CPU
		{BFFA449A-FA5F-452F-984E-E2D426A1D3CF}.Release|.NET.ActiveCfg = Release|Any CPU
		{BFFA449A-FA5F-452F-984E-E2D426A1D3CF}.Release|Any CPU.ActiveCfg = Release|Any CPU
		{BFFA449A-FA5F-452F-984E-E2D426A1D3CF}.Release|Any CPU.Build.0 = Release|Any CPU
		{BFFA449A-FA5F-452F-984E-E2D426A1D3CF}.Release|Mixed Platforms.ActiveCfg = Release|Any CPU
		{BFFA449A-FA5F-452F-984E-E2D426A1D3CF}.Release|Mixed Platforms.Build.0 = Release|Any CPU
		{216770A7-C4AF-4E99-9C40-4CC9F623AC72}.Debug|.NET.ActiveCfg = Debug|Any CPU
		{216770A7-C4AF-4E99-9C40-4CC9F623AC72}.Debug|.NET.Build.0 = Debug|Any CPU
		{216770A7-C4AF-4E99-9C40-4CC9F623AC72}.Debug|Any CPU.ActiveCfg = Debug|Any CPU
		{216770A7-C4AF-4E99-9C40-4CC9F623AC72}.Debug|Any CPU.Build.0 = Debug|Any CPU
		{216770A7-C4AF-4E99-9C40-4CC9F623AC72}.Debug|Mixed Platforms.ActiveCfg = Debug|Any CPU
		{216770A7-C4AF-4E99-9C40-4CC9F623AC72}.Debug|Mixed Platforms.Build.0 = Debug|Any CPU
		{216770A7-C4AF-4E99-9C40-4CC9F623AC72}.Release|.NET.ActiveCfg = Release|Any CPU
		{216770A7-C4AF-4E99-9C40-4CC9F623AC72}.Release|.NET.Build.0 = Release|Any CPU
		{216770A7-C4AF-4E99-9C40-4CC9F623AC72}.Release|Any CPU.ActiveCfg = Release|Any CPU
		{216770A7-C4AF-4E99-9C40-4CC9F623AC72}.Release|Any CPU.Build.0 = Release|Any CPU
		{216770A7-C4AF-4E99-9C40-4CC9F623AC72}.Release|Mixed Platforms.ActiveCfg = Release|Any CPU
		{216770A7-C4AF-4E99-9C40-4CC9F623AC72}.Release|Mixed Platforms.Build.0 = Release|Any CPU
		{96BBF57B-02FA-4AF7-94F0-418E3E0E5E6C}.Debug|.NET.ActiveCfg = Debug|Any CPU
		{96BBF57B-02FA-4AF7-94F0-418E3E0E5E6C}.Debug|.NET.Build.0 = Debug|Any CPU
		{96BBF57B-02FA-4AF7-94F0-418E3E0E5E6C}.Debug|Any CPU.ActiveCfg = Debug|Any CPU
		{96BBF57B-02FA-4AF7-94F0-418E3E0E5E6C}.Debug|Any CPU.Build.0 = Debug|Any CPU
		{96BBF57B-02FA-4AF7-94F0-418E3E0E5E6C}.Debug|Mixed Platforms.ActiveCfg = Debug|Any CPU
		{96BBF57B-02FA-4AF7-94F0-418E3E0E5E6C}.Debug|Mixed Platforms.Build.0 = Debug|Any CPU
		{96BBF57B-02FA-4AF7-94F0-418E3E0E5E6C}.Release|.NET.ActiveCfg = Release|Any CPU
		{96BBF57B-02FA-4AF7-94F0-418E3E0E5E6C}.Release|.NET.Build.0 = Release|Any CPU
		{96BBF57B-02FA-4AF7-94F0-418E3E0E5E6C}.Release|Any CPU.ActiveCfg = Release|Any CPU
		{96BBF57B-02FA-4AF7-94F0-418E3E0E5E6C}.Release|Any CPU.Build.0 = Release|Any CPU
		{96BBF57B-02FA-4AF7-94F0-418E3E0E5E6C}.Release|Mixed Platforms.ActiveCfg = Release|Any CPU
		{96BBF57B-02FA-4AF7-94F0-418E3E0E5E6C}.Release|Mixed Platforms.Build.0 = Release|Any CPU
	EndGlobalSection
	GlobalSection(SolutionProperties) = preSolution
		HideSolutionNode = FALSE
	EndGlobalSection
	GlobalSection(NestedProjects) = preSolution
		{7F390848-06E9-4320-A4F7-F90B9CCE14AA} = {7E216353-23BF-4553-94BF-F710F9472A89}
		{BFFA449A-FA5F-452F-984E-E2D426A1D3CF} = {7E216353-23BF-4553-94BF-F710F9472A89}
		{216770A7-C4AF-4E99-9C40-4CC9F623AC72} = {772F5DF5-D12C-4B71-83FF-C6DF73C28F78}
		{96BBF57B-02FA-4AF7-94F0-418E3E0E5E6C} = {772F5DF5-D12C-4B71-83FF-C6DF73C28F78}
	EndGlobalSection
EndGlobal
